
Microsoft Visual Studio Solution File, Format Version 12.00
# Visual Studio Version 16
VisualStudioVersion = 16.0.29020.237
MinimumVisualStudioVersion = 10.0.40219.1
Project("{FAE04EC0-301F-11D3-BF4B-00C04F79EFBC}") = "PTTDATA(Model)", "PTTDATA(Model).csproj", "{2518854A-7342-4DE5-86A8-6CEF90E01F5C}"
EndProject
Global
	GlobalSection(SolutionConfigurationPlatforms) = preSolution
		Debug|Any CPU = Debug|Any CPU
		Release|Any CPU = Release|Any CPU
	EndGlobalSection
	GlobalSection(ProjectConfigurationPlatforms) = postSolution
		{2518854A-7342-4DE5-86A8-6CEF90E01F5C}.Debug|Any CPU.ActiveCfg = Debug|Any CPU
		{2518854A-7342-4DE5-86A8-6CEF90E01F5C}.Debug|Any CPU.Build.0 = Debug|Any CPU
		{2518854A-7342-4DE5-86A8-6CEF90E01F5C}.Release|Any CPU.ActiveCfg = Release|Any CPU
		{2518854A-7342-4DE5-86A8-6CEF90E01F5C}.Release|Any CPU.Build.0 = Release|Any CPU
	EndGlobalSection
	GlobalSection(SolutionProperties) = preSolution
		HideSolutionNode = FALSE
	EndGlobalSection
	GlobalSection(ExtensibilityGlobals) = postSolution
		SolutionGuid = {7542164D-CF82-413E-8988-4DC7D2CD391B}
	EndGlobalSection
EndGlobal
